
Microsoft Visual Studio Solution File, Format Version 12.00
# Visual Studio Version 17
VisualStudioVersion = 17.5.33516.290
MinimumVisualStudioVersion = 10.0.40219.1
Project("{FAE04EC0-301F-11D3-BF4B-00C04F79EFBC}") = "FirstTask", "FirstTask\FirstTask.csproj", "{0E6BB3BF-05F8-434F-B3FC-94B096D42BDA}"
EndProject
Global
	GlobalSection(SolutionConfigurationPlatforms) = preSolution
		Debug|Any CPU = Debug|Any CPU
		Release|Any CPU = Release|Any CPU
	EndGlobalSection
	GlobalSection(ProjectConfigurationPlatforms) = postSolution
		{0E6BB3BF-05F8-434F-B3FC-94B096D42BDA}.Debug|Any CPU.ActiveCfg = Debug|Any CPU
		{0E6BB3BF-05F8-434F-B3FC-94B096D42BDA}.Debug|Any CPU.Build.0 = Debug|Any CPU
		{0E6BB3BF-05F8-434F-B3FC-94B096D42BDA}.Release|Any CPU.ActiveCfg = Release|Any CPU
		{0E6BB3BF-05F8-434F-B3FC-94B096D42BDA}.Release|Any CPU.Build.0 = Release|Any CPU
	EndGlobalSection
	GlobalSection(SolutionProperties) = preSolution
		HideSolutionNode = FALSE
	EndGlobalSection
	GlobalSection(ExtensibilityGlobals) = postSolution
		SolutionGuid = {E6210ECE-24F2-4FE2-86FB-1D0D380BB7CD}
	EndGlobalSection
EndGlobal
